# This file is automatically @generated by Cargo.
# It is not intended for manual editing.
[[package]]
name = "ahash"
version = "0.4.7"
source = "registry+https://github.com/rust-lang/crates.io-index"
checksum = "739f4a8db6605981345c5654f3a85b056ce52f37a39d34da03f25bf2151ea16e"

[[package]]
name = "arch"
version = "0.1.0"
dependencies = [
 "arch_gen",
 "device_tree",
 "kvm-bindings",
 "kvm-ioctls",
 "libc",
 "utils",
 "vm-memory",
]

[[package]]
name = "arch_gen"
version = "0.1.0"

[[package]]
name = "bitflags"
version = "1.2.1"
source = "registry+https://github.com/rust-lang/crates.io-index"
checksum = "cf1de2fe8c75bc145a2f577add951f8134889b4795d47466a54a5c846d691693"

[[package]]
name = "cc"
version = "1.0.66"
source = "registry+https://github.com/rust-lang/crates.io-index"
checksum = "4c0496836a84f8d0495758516b8621a622beb77c0fed418570e50764093ced48"

[[package]]
name = "cfg-if"
version = "0.1.10"
source = "registry+https://github.com/rust-lang/crates.io-index"
checksum = "4785bdd1c96b2a846b2bd7cc02e86b6b3dbf14e7e53446c4f54c92a361040822"

[[package]]
name = "cpuid"
version = "0.1.0"
dependencies = [
 "kvm-bindings",
 "kvm-ioctls",
 "vmm-sys-util",
]

[[package]]
name = "device_tree"
version = "1.1.0"
source = "registry+https://github.com/rust-lang/crates.io-index"
checksum = "f18f717c5c7c2e3483feb64cccebd077245ad6d19007c2db0fd341d38595353c"

[[package]]
name = "devices"
version = "0.1.0"
dependencies = [
 "arch",
 "bitflags",
 "hvf",
 "libc",
 "logger",
 "lru",
 "polly",
 "utils",
 "virtio_gen",
 "vm-memory",
]

[[package]]
name = "hashbrown"
version = "0.9.1"
source = "registry+https://github.com/rust-lang/crates.io-index"
checksum = "d7afe4a420e3fe79967a00898cc1f4db7c8a49a9333a29f8a4bd76a253d5cd04"
dependencies = [
 "ahash",
]

[[package]]
name = "hvf"
version = "0.1.0"
dependencies = [
 "logger",
]

[[package]]
name = "kernel"
version = "0.1.0"
dependencies = [
 "utils",
 "vm-memory",
]

[[package]]
name = "kqueue"
version = "1.0.3"
source = "registry+https://github.com/rust-lang/crates.io-index"
checksum = "512705bfcaeb3d46379771adc69deab978355fc68fdf960f9fb11abc8d678a96"
dependencies = [
 "kqueue-sys",
 "libc",
]

[[package]]
name = "kqueue-sys"
version = "1.0.2"
source = "registry+https://github.com/rust-lang/crates.io-index"
checksum = "9803ae382091c10a5c7297ffb9fde284dbc9662b249f86eacef605d97ae92d99"
dependencies = [
 "bitflags",
 "libc",
]

[[package]]
name = "kvm-bindings"
version = "0.3.0"
source = "registry+https://github.com/rust-lang/crates.io-index"
checksum = "8f1c07667561c3d12d77342baf28ca5d0f8c3ea2160778485640ec84a4571da2"
dependencies = [
 "vmm-sys-util",
]

[[package]]
name = "kvm-ioctls"
version = "0.6.0"
source = "registry+https://github.com/rust-lang/crates.io-index"
checksum = "158d15da895bddca8223fa31dc9e8b9317bdc2fbc4635dea8dd575fc40dae37f"
dependencies = [
 "kvm-bindings",
 "libc",
 "vmm-sys-util",
]

[[package]]
name = "lazy_static"
version = "1.4.0"
source = "registry+https://github.com/rust-lang/crates.io-index"
checksum = "e2abad23fbc42b3700f2f279844dc832adb2b2eb069b2df918f455c4e18cc646"

[[package]]
name = "libc"
version = "0.2.85"
source = "registry+https://github.com/rust-lang/crates.io-index"
checksum = "7ccac4b00700875e6a07c6cde370d44d32fa01c5a65cdd2fca6858c479d28bb3"

[[package]]
name = "libkrun"
version = "0.1.1"
dependencies = [
 "cc",
 "libc",
 "logger",
 "once_cell",
 "polly",
 "utils",
 "vmm",
]

[[package]]
name = "log"
version = "0.4.13"
source = "registry+https://github.com/rust-lang/crates.io-index"
checksum = "fcf3805d4480bb5b86070dcfeb9e2cb2ebc148adb753c5cca5f884d1d65a42b2"
dependencies = [
 "cfg-if",
]

[[package]]
name = "logger"
version = "0.1.0"
dependencies = [
 "lazy_static",
 "libc",
 "log",
 "utils",
]

[[package]]
name = "lru"
version = "0.6.3"
source = "registry+https://github.com/rust-lang/crates.io-index"
checksum = "3aae342b73d57ad0b8b364bd12584819f2c1fe9114285dfcf8b0722607671635"
dependencies = [
 "hashbrown",
]

[[package]]
name = "once_cell"
version = "1.5.2"
source = "registry+https://github.com/rust-lang/crates.io-index"
checksum = "13bd41f508810a131401606d54ac32a467c97172d74ba7662562ebba5ad07fa0"

[[package]]
name = "polly"
version = "0.0.1"
dependencies = [
 "libc",
 "utils",
]

[[package]]
name = "utils"
version = "0.1.0"
dependencies = [
 "bitflags",
 "kqueue",
 "libc",
 "vmm-sys-util",
]

[[package]]
name = "virtio_gen"
version = "0.1.0"

[[package]]
name = "vm-memory"
version = "0.4.0"
source = "git+https://github.com/rust-vmm/vm-memory#6a0dcc1d22753ce76bae639febd09c072fe439e7"
dependencies = [
 "libc",
 "winapi",
]

[[package]]
name = "vmm"
version = "0.1.0"
dependencies = [
 "arch",
 "cpuid",
 "devices",
 "hvf",
 "kernel",
 "kvm-bindings",
 "kvm-ioctls",
 "libc",
 "logger",
 "polly",
 "utils",
 "vm-memory",
 "vmm-sys-util",
]

[[package]]
name = "vmm-sys-util"
version = "0.7.0"
source = "registry+https://github.com/rust-lang/crates.io-index"
checksum = "d1cdd1d72e262bbfb014de65ada24c1ac50e10a2e3b1e8ec052df188c2ee5dfa"
dependencies = [
 "bitflags",
 "libc",
]

[[package]]
name = "winapi"
version = "0.3.9"
source = "registry+https://github.com/rust-lang/crates.io-index"
checksum = "5c839a674fcd7a98952e593242ea400abe93992746761e38641405d28b00f419"
dependencies = [
 "winapi-i686-pc-windows-gnu",
 "winapi-x86_64-pc-windows-gnu",
]

[[package]]
name = "winapi-i686-pc-windows-gnu"
version = "0.4.0"
source = "registry+https://github.com/rust-lang/crates.io-index"
checksum = "ac3b87c63620426dd9b991e5ce0329eff545bccbbb34f3be09ff6fb6ab51b7b6"

[[package]]
name = "winapi-x86_64-pc-windows-gnu"
version = "0.4.0"
source = "registry+https://github.com/rust-lang/crates.io-index"
checksum = "712e227841d057c1ee1cd2fb22fa7e5a5461ae8e48fa2ca79ec42cfc1931183f"
