# This file is automatically @generated by Cargo.
# It is not intended for manual editing.
[[package]]
name = "arch"
version = "0.1.0"
dependencies = [
 "arch_gen",
 "device_tree",
 "kvm-bindings",
 "kvm-ioctls",
 "libc",
 "utils",
 "vm-memory",
]

[[package]]
name = "arch_gen"
version = "0.1.0"

[[package]]
name = "bitflags"
version = "1.2.1"
source = "registry+https://github.com/rust-lang/crates.io-index"
checksum = "cf1de2fe8c75bc145a2f577add951f8134889b4795d47466a54a5c846d691693"

[[package]]
name = "cc"
version = "1.0.53"
source = "registry+https://github.com/rust-lang/crates.io-index"
checksum = "404b1fe4f65288577753b17e3b36a04596ee784493ec249bf81c7f2d2acd751c"

[[package]]
name = "cfg-if"
version = "0.1.10"
source = "registry+https://github.com/rust-lang/crates.io-index"
checksum = "4785bdd1c96b2a846b2bd7cc02e86b6b3dbf14e7e53446c4f54c92a361040822"

[[package]]
name = "cpuid"
version = "0.1.0"
dependencies = [
 "kvm-bindings",
 "kvm-ioctls",
 "vmm-sys-util",
]

[[package]]
name = "device_tree"
version = "1.1.0"
source = "registry+https://github.com/rust-lang/crates.io-index"
checksum = "f18f717c5c7c2e3483feb64cccebd077245ad6d19007c2db0fd341d38595353c"

[[package]]
name = "devices"
version = "0.1.0"
dependencies = [
 "bitflags",
 "libc",
 "logger",
 "polly",
 "utils",
 "virtio_gen",
 "vm-memory",
]

[[package]]
name = "kernel"
version = "0.1.0"
dependencies = [
 "utils",
 "vm-memory",
]

[[package]]
name = "kvm-bindings"
version = "0.2.0"
source = "registry+https://github.com/rust-lang/crates.io-index"
checksum = "d381156ad52005b4655a9421401f02b80f9f049e653496e3ea6639a83fc12453"
dependencies = [
 "vmm-sys-util",
]

[[package]]
name = "kvm-ioctls"
version = "0.5.0"
source = "registry+https://github.com/rust-lang/crates.io-index"
checksum = "d99720f5df3814a7188f095ad6774775b7635dfdd62b7c091ce7e00a51c3c109"
dependencies = [
 "kvm-bindings",
 "libc",
 "vmm-sys-util",
]

[[package]]
name = "lazy_static"
version = "1.4.0"
source = "registry+https://github.com/rust-lang/crates.io-index"
checksum = "e2abad23fbc42b3700f2f279844dc832adb2b2eb069b2df918f455c4e18cc646"

[[package]]
name = "libc"
version = "0.2.69"
source = "registry+https://github.com/rust-lang/crates.io-index"
checksum = "99e85c08494b21a9054e7fe1374a732aeadaff3980b6990b94bfd3a70f690005"

[[package]]
name = "libkrun"
version = "0.1.0"
dependencies = [
 "cc",
 "lazy_static",
 "libc",
 "logger",
 "polly",
 "utils",
 "vmm",
]

[[package]]
name = "log"
version = "0.4.8"
source = "registry+https://github.com/rust-lang/crates.io-index"
checksum = "14b6052be84e6b71ab17edffc2eeabf5c2c3ae1fdb464aae35ac50c67a44e1f7"
dependencies = [
 "cfg-if",
]

[[package]]
name = "logger"
version = "0.1.0"
dependencies = [
 "lazy_static",
 "libc",
 "log",
 "utils",
]

[[package]]
name = "polly"
version = "0.0.1"
dependencies = [
 "libc",
 "utils",
]

[[package]]
name = "utils"
version = "0.1.0"
dependencies = [
 "bitflags",
 "libc",
 "vmm-sys-util",
]

[[package]]
name = "virtio_gen"
version = "0.1.0"

[[package]]
name = "vm-memory"
version = "0.2.0"
source = "git+https://github.com/libkrun/vm-memory#2a6da794f19f05ae6697ef9d5b50fb03d72cde40"
dependencies = [
 "libc",
 "winapi",
]

[[package]]
name = "vmm"
version = "0.1.0"
dependencies = [
 "arch",
 "cpuid",
 "devices",
 "kernel",
 "kvm-bindings",
 "kvm-ioctls",
 "libc",
 "logger",
 "polly",
 "utils",
 "vm-memory",
 "vmm-sys-util",
]

[[package]]
name = "vmm-sys-util"
version = "0.5.0"
source = "registry+https://github.com/rust-lang/crates.io-index"
checksum = "3a6cc7e1659e545d250261676c9193732da57357cc610b12a0e7c776ed047fc9"
dependencies = [
 "bitflags",
 "libc",
]

[[package]]
name = "winapi"
version = "0.3.8"
source = "registry+https://github.com/rust-lang/crates.io-index"
checksum = "8093091eeb260906a183e6ae1abdba2ef5ef2257a21801128899c3fc699229c6"
dependencies = [
 "winapi-i686-pc-windows-gnu",
 "winapi-x86_64-pc-windows-gnu",
]

[[package]]
name = "winapi-i686-pc-windows-gnu"
version = "0.4.0"
source = "registry+https://github.com/rust-lang/crates.io-index"
checksum = "ac3b87c63620426dd9b991e5ce0329eff545bccbbb34f3be09ff6fb6ab51b7b6"

[[package]]
name = "winapi-x86_64-pc-windows-gnu"
version = "0.4.0"
source = "registry+https://github.com/rust-lang/crates.io-index"
checksum = "712e227841d057c1ee1cd2fb22fa7e5a5461ae8e48fa2ca79ec42cfc1931183f"
